PODS:
  - FBSnapshotTestCase (2.1.4):
    - FBSnapshotTestCase/SwiftSupport (= 2.1.4)
  - FBSnapshotTestCase/Core (2.1.4)
  - FBSnapshotTestCase/SwiftSupport (2.1.4):
    - FBSnapshotTestCase/Core
  - GFLoadingAnimationView (0.1.0)
  - iOS-Color-Picker (1.2)

DEPENDENCIES:
  - FBSnapshotTestCase
  - GFLoadingAnimationView (from `../`)
  - iOS-Color-Picker

SPEC REPOS:
  https://github.com/cocoapods/specs.git:
    - FBSnapshotTestCase
    - iOS-Color-Picker

EXTERNAL SOURCES:
  GFLoadingAnimationView:
    :path: "../"

SPEC CHECKSUMS:
  FBSnapshotTestCase: 094f9f314decbabe373b87cc339bea235a63e07a
  GFLoadingAnimationView: 9e959f74c8a2ee08466b27555dd8edcbd36cca91
  iOS-Color-Picker: 4284a4d744a7cafe9d22d4b66eefc45342b80f1d

PODFILE CHECKSUM: c9b9ed7b3ddcb0249f2f030be6fff54ef667f7e0

COCOAPODS: 1.5.3
